speakeasyVersion: 1.308.2
sources:
    OpenAI-API:
        sourceNamespace: open-ai-api
        sourceRevisionDigest: sha256:cb474c4e52c5ddcacb671e70c07b13050eda77251993c29c5daec792f9116feb
        sourceBlobDigest: sha256:36170488d71bc173ae507f9d524022d688ee1838ffd899ac829cbf456b4bd0f8
        tags:
            - latest
targets:
    my-first-target:
        source: OpenAI-API
        sourceNamespace: open-ai-api
        sourceRevisionDigest: sha256:cb474c4e52c5ddcacb671e70c07b13050eda77251993c29c5daec792f9116feb
        sourceBlobDigest: sha256:36170488d71bc173ae507f9d524022d688ee1838ffd899ac829cbf456b4bd0f8
        outLocation: /mnt/c/Users/Luke/Documents/GitHub/openai-api-specification/postman
workflow:
    workflowVersion: 1.0.0
    speakeasyVersion: latest
    sources:
        OpenAI-API:
            inputs:
                - location: https://raw.githubusercontent.com/openai/openai-openapi/master/openapi.yaml
            overlays:
                - location: ../Overlay.yaml
            output: ../OpenAI-Specification-Enhanced.yaml
            registry:
                location: registry.speakeasyapi.dev/lukehagar/lukehagar/open-ai-api
    targets:
        my-first-target:
            target: postman
            source: OpenAI-API
