speakeasyVersion: 1.308.1
sources:
    OpenAI-API:
        sourceNamespace: open-ai-api
        sourceRevisionDigest: sha256:61d0dcd79bdb4aa301728313d296499f1b7f877015c847039a3286e245818bac
        sourceBlobDigest: sha256:22fe5881b274ede34d009e5b03fda550ed4607c42a9b51f5be6b30d6babd7d33
        tags:
            - latest
targets:
    my-first-target:
        source: OpenAI-API
        sourceNamespace: open-ai-api
        sourceRevisionDigest: sha256:61d0dcd79bdb4aa301728313d296499f1b7f877015c847039a3286e245818bac
        sourceBlobDigest: sha256:22fe5881b274ede34d009e5b03fda550ed4607c42a9b51f5be6b30d6babd7d33
        outLocation: C:\Users\Luke\Documents\GitHub\openai-api-specification\postman
workflow:
    workflowVersion: 1.0.0
    speakeasyVersion: latest
    sources:
        OpenAI-API:
            inputs:
                - location: https://raw.githubusercontent.com/openai/openai-openapi/master/openapi.yaml
            output: ../OpenAI-Specification-Enhanced
            registry:
                location: registry.speakeasyapi.dev/lukehagar/lukehagar/open-ai-api
    targets:
        my-first-target:
            target: postman
            source: OpenAI-API
